{
  "lockfile_version": "1",
  "packages": {
    "awscli2@latest": {
      "last_modified": "2026-01-20T02:11:35Z",
      "resolved": "github:NixOS/nixpkgs/ed142ab1b3a092c4d149245d0c4126a5d7ea00b0#awscli2",
      "source": "devbox-search",
      "version": "2.33.2",
      "systems": {
        "aarch64-darwin": {
          "outputs": [
            {
              "name": "out",
              "path": "/nix/store/r2yk7zc2xifqnm9896w3x9prl7qn0bap-awscli2-2.33.2",
              "default": true
            },
            {
              "name": "dist",
              "path": "/nix/store/08j6bp7zicqyfkyix1q2f0j6aj21qbdr-awscli2-2.33.2-dist"
            }
          ],
          "store_path": "/nix/store/r2yk7zc2xifqnm9896w3x9prl7qn0bap-awscli2-2.33.2"
        },
        "aarch64-linux": {
          "outputs": [
            {
              "name": "out",
              "path": "/nix/store/6a6n6hsm4fnbry8gicm9s5hxb3b0rfa7-awscli2-2.33.2",
              "default": true
            },
            {
              "name": "dist",
              "path": "/nix/store/43qf8hil6j5knhr3502ivz8vip4j4jwp-awscli2-2.33.2-dist"
            }
          ],
          "store_path": "/nix/store/6a6n6hsm4fnbry8gicm9s5hxb3b0rfa7-awscli2-2.33.2"
        },
        "x86_64-darwin": {
          "outputs": [
            {
              "name": "out",
              "path": "/nix/store/l825ps8nrli237ihhhw5m9jnlnd5gks6-awscli2-2.33.2",
              "default": true
            },
            {
              "name": "dist",
              "path": "/nix/store/j0da5brcy1ixadd728q8nyrimj3mpizz-awscli2-2.33.2-dist"
            }
          ],
          "store_path": "/nix/store/l825ps8nrli237ihhhw5m9jnlnd5gks6-awscli2-2.33.2"
        },
        "x86_64-linux": {
          "outputs": [
            {
              "name": "out",
              "path": "/nix/store/479n9idsddpjd983xfx1bfblyqvq9myc-awscli2-2.33.2",
              "default": true
            },
            {
              "name": "dist",
              "path": "/nix/store/7qxkqd429bwhbd9m7jqkp760xli47msd-awscli2-2.33.2-dist"
            }
          ],
          "store_path": "/nix/store/479n9idsddpjd983xfx1bfblyqvq9myc-awscli2-2.33.2"
        }
      }
    },
    "direnv@latest": {
      "last_modified": "2026-01-09T13:41:53Z",
      "resolved": "github:NixOS/nixpkgs/5f02c91314c8ba4afe83b256b023756412218535#direnv",
      "source": "devbox-search",
      "version": "2.37.1",
      "systems": {
        "aarch64-darwin": {
          "outputs": [
            {
              "name": "out",
              "path": "/nix/store/91q05bqw755yg3whqg1vhqi1v6glaxl3-direnv-2.37.1",
              "default": true
            }
          ],
          "store_path": "/nix/store/91q05bqw755yg3whqg1vhqi1v6glaxl3-direnv-2.37.1"
        },
        "aarch64-linux": {
          "outputs": [
            {
              "name": "out",
              "path": "/nix/store/hqa8ald3qrvxgy5nyjg2xcm6knmlppq2-direnv-2.37.1",
              "default": true
            }
          ],
          "store_path": "/nix/store/hqa8ald3qrvxgy5nyjg2xcm6knmlppq2-direnv-2.37.1"
        },
        "x86_64-darwin": {
          "outputs": [
            {
              "name": "out",
              "path": "/nix/store/qvw4198jnqkj92lzdfqs913fn9pg7048-direnv-2.37.1",
              "default": true
            }
          ],
          "store_path": "/nix/store/qvw4198jnqkj92lzdfqs913fn9pg7048-direnv-2.37.1"
        },
        "x86_64-linux": {
          "outputs": [
            {
              "name": "out",
              "path": "/nix/store/2g9k1d9swh40ylaj50gkhng3bxb3in1s-direnv-2.37.1",
              "default": true
            }
          ],
          "store_path": "/nix/store/2g9k1d9swh40ylaj50gkhng3bxb3in1s-direnv-2.37.1"
        }
      }
    },
    "gh@latest": {
      "last_modified": "2026-01-15T05:51:10Z",
      "resolved": "github:NixOS/nixpkgs/f4606b01b39e09065df37905a2133905246db9ed#gh",
      "source": "devbox-search",
      "version": "2.85.0",
      "systems": {
        "aarch64-darwin": {
          "outputs": [
            {
              "name": "out",
              "path": "/nix/store/scxkdncvr9i5dd900qir993bvg9zlk4i-gh-2.85.0",
              "default": true
            }
          ],
          "store_path": "/nix/store/scxkdncvr9i5dd900qir993bvg9zlk4i-gh-2.85.0"
        },
        "aarch64-linux": {
          "outputs": [
            {
              "name": "out",
              "path": "/nix/store/kdsjr947f0gfd0wp38vhg260kipjh83b-gh-2.85.0",
              "default": true
            }
          ],
          "store_path": "/nix/store/kdsjr947f0gfd0wp38vhg260kipjh83b-gh-2.85.0"
        },
        "x86_64-darwin": {
          "outputs": [
            {
              "name": "out",
              "path": "/nix/store/nvjrrspicb1yzdm5jfbr0qr0xfmbaj09-gh-2.85.0",
              "default": true
            }
          ],
          "store_path": "/nix/store/nvjrrspicb1yzdm5jfbr0qr0xfmbaj09-gh-2.85.0"
        },
        "x86_64-linux": {
          "outputs": [
            {
              "name": "out",
              "path": "/nix/store/8wnv20mbq91xmvns912glg18isiqa61b-gh-2.85.0",
              "default": true
            }
          ],
          "store_path": "/nix/store/8wnv20mbq91xmvns912glg18isiqa61b-gh-2.85.0"
        }
      }
    },
    "git@latest": {
      "last_modified": "2025-12-31T03:27:36Z",
      "resolved": "github:NixOS/nixpkgs/f665af0cdb70ed27e1bd8f9fdfecaf451260fc55#git",
      "source": "devbox-search",
      "version": "2.52.0",
      "systems": {
        "aarch64-darwin": {
          "outputs": [
            {
              "name": "out",
              "path": "/nix/store/1xy62wrp3m91snd3cazxgg0yrplb6sav-git-2.52.0",
              "default": true
            },
            {
              "name": "doc",
              "path": "/nix/store/1518yqnr4z0p65jfv8skw2qwc30ad5la-git-2.52.0-doc"
            }
          ],
          "store_path": "/nix/store/1xy62wrp3m91snd3cazxgg0yrplb6sav-git-2.52.0"
        },
        "aarch64-linux": {
          "outputs": [
            {
              "name": "out",
              "path": "/nix/store/mfbr42w740arf759n51nhki221lang5z-git-2.52.0",
              "default": true
            },
            {
              "name": "debug",
              "path": "/nix/store/q0lq2fczq1y9q9028k4ripf38mfy3n42-git-2.52.0-debug"
            },
            {
              "name": "doc",
              "path": "/nix/store/lm1plgvh8qlv0amm8wiz8l00ky298hws-git-2.52.0-doc"
            }
          ],
          "store_path": "/nix/store/mfbr42w740arf759n51nhki221lang5z-git-2.52.0"
        },
        "x86_64-darwin": {
          "outputs": [
            {
              "name": "out",
              "path": "/nix/store/0lxp1s4hb0xb0di1a5jg08rr8hk0cvz8-git-2.52.0",
              "default": true
            },
            {
              "name": "doc",
              "path": "/nix/store/a9903b6q3clvx61l8drkpr262fb5qmik-git-2.52.0-doc"
            }
          ],
          "store_path": "/nix/store/0lxp1s4hb0xb0di1a5jg08rr8hk0cvz8-git-2.52.0"
        },
        "x86_64-linux": {
          "outputs": [
            {
              "name": "out",
              "path": "/nix/store/fryiyyhhilpqhx2wc4b6l5gnxc8w18rg-git-2.52.0",
              "default": true
            },
            {
              "name": "debug",
              "path": "/nix/store/q6m51s4q8kddlh9b9rb63v1yqvlv3xgp-git-2.52.0-debug"
            },
            {
              "name": "doc",
              "path": "/nix/store/n4zq81winwf8d5y2ra7fjznwl6cnhggz-git-2.52.0-doc"
            }
          ],
          "store_path": "/nix/store/fryiyyhhilpqhx2wc4b6l5gnxc8w18rg-git-2.52.0"
        }
      }
    },
    "github:NixOS/nixpkgs/nixpkgs-unstable": {
      "last_modified": "2026-01-02T14:39:32Z",
      "resolved": "github:NixOS/nixpkgs/16c7794d0a28b5a37904d55bcca36003b9109aaa?lastModified=1767364772&narHash=sha256-fFUnEYMla8b7UKjijLnMe%2BoVFOz6HjijGGNS1l7dYaQ%3D"
    },
    "go@1.23": {
      "last_modified": "2025-08-08T08:05:48Z",
      "resolved": "github:NixOS/nixpkgs/a3f3e3f2c983e957af6b07a1db98bafd1f87b7a1#go_1_23",
      "source": "devbox-search",
      "version": "1.23.12",
      "systems": {
        "aarch64-darwin": {
          "outputs": [
            {
              "name": "out",
              "path": "/nix/store/ls7j3c95gdy2s5zzlzy751zgly53gs4c-go-1.23.12",
              "default": true
            }
          ],
          "store_path": "/nix/store/ls7j3c95gdy2s5zzlzy751zgly53gs4c-go-1.23.12"
        },
        "aarch64-linux": {
          "outputs": [
            {
              "name": "out",
              "path": "/nix/store/482v99lr94jxbx0c44dyydhxjhzs8na1-go-1.23.12",
              "default": true
            }
          ],
          "store_path": "/nix/store/482v99lr94jxbx0c44dyydhxjhzs8na1-go-1.23.12"
        },
        "x86_64-darwin": {
          "outputs": [
            {
              "name": "out",
              "path": "/nix/store/4xnvg72xnfsyrm426wn91rb594s507ja-go-1.23.12",
              "default": true
            }
          ],
          "store_path": "/nix/store/4xnvg72xnfsyrm426wn91rb594s507ja-go-1.23.12"
        },
        "x86_64-linux": {
          "outputs": [
            {
              "name": "out",
              "path": "/nix/store/nmmw1c5mwf7mzlbk5rnpm1gxvzh6jjw4-go-1.23.12",
              "default": true
            }
          ],
          "store_path": "/nix/store/nmmw1c5mwf7mzlbk5rnpm1gxvzh6jjw4-go-1.23.12"
        }
      }
    },
    "jq@latest": {
      "last_modified": "2026-01-20T02:11:35Z",
      "resolved": "github:NixOS/nixpkgs/ed142ab1b3a092c4d149245d0c4126a5d7ea00b0#jq",
      "source": "devbox-search",
      "version": "1.8.1",
      "systems": {
        "aarch64-darwin": {
          "outputs": [
            {
              "name": "bin",
              "path": "/nix/store/9rm6fm3zq1jq8rgsx528cw8wkmfya2gf-jq-1.8.1-bin",
              "default": true
            },
            {
              "name": "man",
              "path": "/nix/store/cv999saj62xhq7xv5i7q6944vljykfmw-jq-1.8.1-man",
              "default": true
            },
            {
              "name": "dev",
              "path": "/nix/store/5camppj4hz2mgkdbxs0kr6nvh6qa65wf-jq-1.8.1-dev"
            },
            {
              "name": "doc",
              "path": "/nix/store/lak094rhhxlaj1qycadmxyfphgjadj5r-jq-1.8.1-doc"
            },
            {
              "name": "out",
              "path": "/nix/store/g371yvjasdr552v98p5kav7n35s1dfib-jq-1.8.1"
            }
          ],
          "store_path": "/nix/store/9rm6fm3zq1jq8rgsx528cw8wkmfya2gf-jq-1.8.1-bin"
        },
        "aarch64-linux": {
          "outputs": [
            {
              "name": "bin",
              "path": "/nix/store/m8qv4g54q3jmjb8i33v9lljcwhydx2vd-jq-1.8.1-bin",
              "default": true
            },
            {
              "name": "man",
              "path": "/nix/store/9x2457g76jikfy7xq4mjqwzl8iz3zvxj-jq-1.8.1-man",
              "default": true
            },
            {
              "name": "dev",
              "path": "/nix/store/5ykn83b3hhvnnq0p5vqgcrzihrl9wpsl-jq-1.8.1-dev"
            },
            {
              "name": "doc",
              "path": "/nix/store/37ypy1595g6rj3cymh1mpk2b25fx40g7-jq-1.8.1-doc"
            },
            {
              "name": "out",
              "path": "/nix/store/16lg603jzppwjanlakcak1ais69mkd03-jq-1.8.1"
            }
          ],
          "store_path": "/nix/store/m8qv4g54q3jmjb8i33v9lljcwhydx2vd-jq-1.8.1-bin"
        },
        "x86_64-darwin": {
          "outputs": [
            {
              "name": "bin",
              "path": "/nix/store/kkb17whpkdrmn9g3gk7y6l69vipxsw0i-jq-1.8.1-bin",
              "default": true
            },
            {
              "name": "man",
              "path": "/nix/store/iwr61wi83kflqvz8j5nf7ridaqq6nh2w-jq-1.8.1-man",
              "default": true
            },
            {
              "name": "dev",
              "path": "/nix/store/lypnqs272644l8ff6wfji9rg5jw10v7h-jq-1.8.1-dev"
            },
            {
              "name": "doc",
              "path": "/nix/store/nyw97c4pywfcqqap5hyk9xjghczlbshl-jq-1.8.1-doc"
            },
            {
              "name": "out",
              "path": "/nix/store/ri930a557685c64bdh88a5031i7hx3vy-jq-1.8.1"
            }
          ],
          "store_path": "/nix/store/kkb17whpkdrmn9g3gk7y6l69vipxsw0i-jq-1.8.1-bin"
        },
        "x86_64-linux": {
          "outputs": [
            {
              "name": "bin",
              "path": "/nix/store/zssasryipb2x4gk2ahzacl4mvvcmk48j-jq-1.8.1-bin",
              "default": true
            },
            {
              "name": "man",
              "path": "/nix/store/7d4pv1iymyqk2lykwj1ydml3rjhc6gl3-jq-1.8.1-man",
              "default": true
            },
            {
              "name": "dev",
              "path": "/nix/store/rmxxm5jnxq93kvkhbr2b3hzj6v3ldp8z-jq-1.8.1-dev"
            },
            {
              "name": "doc",
              "path": "/nix/store/mkhfvc69grlky3iblibkw9wcc12jcdqq-jq-1.8.1-doc"
            },
            {
              "name": "out",
              "path": "/nix/store/807g765zgpmp1c8fm5y40rw2gbr1k6dk-jq-1.8.1"
            }
          ],
          "store_path": "/nix/store/zssasryipb2x4gk2ahzacl4mvvcmk48j-jq-1.8.1-bin"
        }
      }
    },
    "just@latest": {
      "last_modified": "2026-01-11T16:44:50Z",
      "resolved": "github:NixOS/nixpkgs/4d113fe1f7bb454435a5cabae6cd283e64191bb7#just",
      "source": "devbox-search",
      "version": "1.46.0",
      "systems": {
        "aarch64-darwin": {
          "outputs": [
            {
              "name": "out",
              "path": "/nix/store/vsv9adrq0irdx5cxlj16yjlym01pb58v-just-1.46.0",
              "default": true
            },
            {
              "name": "man",
              "path": "/nix/store/b3jskd4jbk1xy7gmhzhapmf0s3qfgjjv-just-1.46.0-man",
              "default": true
            },
            {
              "name": "doc",
              "path": "/nix/store/0lmvwpfys5fkjff8bf9zckzp137n0gjr-just-1.46.0-doc"
            }
          ],
          "store_path": "/nix/store/vsv9adrq0irdx5cxlj16yjlym01pb58v-just-1.46.0"
        },
        "aarch64-linux": {
          "outputs": [
            {
              "name": "out",
              "path": "/nix/store/5xvqd6914l6bq4chkvxhwpxmwsyjvk79-just-1.46.0",
              "default": true
            },
            {
              "name": "man",
              "path": "/nix/store/z87cf5g4gxnbzrswypw0c2vfq7cd7qs9-just-1.46.0-man",
              "default": true
            },
            {
              "name": "doc",
              "path": "/nix/store/jfakhs2ca94q913qv11i864hfgds32rn-just-1.46.0-doc"
            }
          ],
          "store_path": "/nix/store/5xvqd6914l6bq4chkvxhwpxmwsyjvk79-just-1.46.0"
        },
        "x86_64-darwin": {
          "outputs": [
            {
              "name": "out",
              "path": "/nix/store/a9x4nkvyiqnsbc5c7m4hxbdd66ppjvzp-just-1.46.0",
              "default": true
            },
            {
              "name": "man",
              "path": "/nix/store/ajl8m1jly6vnlgi7674slnas8hha5fzv-just-1.46.0-man",
              "default": true
            },
            {
              "name": "doc",
              "path": "/nix/store/fhrjjd4zlzkr1pb1a5581rc5rpzl83js-just-1.46.0-doc"
            }
          ],
          "store_path": "/nix/store/a9x4nkvyiqnsbc5c7m4hxbdd66ppjvzp-just-1.46.0"
        },
        "x86_64-linux": {
          "outputs": [
            {
              "name": "out",
              "path": "/nix/store/rjx80xk7ly0i4d6sflilvphpx9drqdgd-just-1.46.0",
              "default": true
            },
            {
              "name": "man",
              "path": "/nix/store/jlr7zha9axbwy8ccqs4h6myra019mhf3-just-1.46.0-man",
              "default": true
            },
            {
              "name": "doc",
              "path": "/nix/store/wy4s0z7rcizywylg9nbyklx07d7a8kxy-just-1.46.0-doc"
            }
          ],
          "store_path": "/nix/store/rjx80xk7ly0i4d6sflilvphpx9drqdgd-just-1.46.0"
        }
      }
    },
    "yq@latest": {
      "last_modified": "2025-12-31T03:27:36Z",
      "resolved": "github:NixOS/nixpkgs/f665af0cdb70ed27e1bd8f9fdfecaf451260fc55#yq",
      "source": "devbox-search",
      "version": "3.4.3",
      "systems": {
        "aarch64-darwin": {
          "outputs": [
            {
              "name": "out",
              "path": "/nix/store/q7mnh559nxka8kqy69gwv8qb0hji0if3-python3.13-yq-3.4.3",
              "default": true
            },
            {
              "name": "dist",
              "path": "/nix/store/lazn71c1vq1jn7kp0303j3gnlg56n71x-python3.13-yq-3.4.3-dist"
            }
          ],
          "store_path": "/nix/store/q7mnh559nxka8kqy69gwv8qb0hji0if3-python3.13-yq-3.4.3"
        },
        "aarch64-linux": {
          "outputs": [
            {
              "name": "out",
              "path": "/nix/store/hil0gf7dbx84n302jdw378w6zyzhswr2-python3.13-yq-3.4.3",
              "default": true
            },
            {
              "name": "dist",
              "path": "/nix/store/rnhw5n5p468w4as2j8fcvnd5g0x3mn0w-python3.13-yq-3.4.3-dist"
            }
          ],
          "store_path": "/nix/store/hil0gf7dbx84n302jdw378w6zyzhswr2-python3.13-yq-3.4.3"
        },
        "x86_64-darwin": {
          "outputs": [
            {
              "name": "out",
              "path": "/nix/store/7cv86jkxzq09hcys1l8974c3wb182hv6-python3.13-yq-3.4.3",
              "default": true
            },
            {
              "name": "dist",
              "path": "/nix/store/ybfjpk6rn5zsjc2wmj9qs76nw17629w1-python3.13-yq-3.4.3-dist"
            }
          ],
          "store_path": "/nix/store/7cv86jkxzq09hcys1l8974c3wb182hv6-python3.13-yq-3.4.3"
        },
        "x86_64-linux": {
          "outputs": [
            {
              "name": "out",
              "path": "/nix/store/hrx2k0hp8br06bpmb09s9z7nafx3l5xm-python3.13-yq-3.4.3",
              "default": true
            },
            {
              "name": "dist",
              "path": "/nix/store/zc9g6nyxp67yl7j6mmbxm4h7s3gbrcps-python3.13-yq-3.4.3-dist"
            }
          ],
          "store_path": "/nix/store/hrx2k0hp8br06bpmb09s9z7nafx3l5xm-python3.13-yq-3.4.3"
        }
      }
    }
  }
}
